
Microsoft Visual Studio Solution File, Format Version 12.00
# Visual Studio Version 16
VisualStudioVersion = 16.0.31727.386
MinimumVisualStudioVersion = 10.0.40219.1
Project("{F2A71F9B-5D33-465A-A702-920D77279786}") = "Project1", "Project1.fsproj", "{A781D0E4-1494-4A58-9BD0-115EFEAEBF64}"
EndProject
Global
	GlobalSection(SolutionConfigurationPlatforms) = preSolution
		Debug|Any CPU = Debug|Any CPU
		Release|Any CPU = Release|Any CPU
	EndGlobalSection
	GlobalSection(ProjectConfigurationPlatforms) = postSolution
		{A781D0E4-1494-4A58-9BD0-115EFEAEBF64}.Debug|Any CPU.ActiveCfg = Debug|Any CPU
		{A781D0E4-1494-4A58-9BD0-115EFEAEBF64}.Debug|Any CPU.Build.0 = Debug|Any CPU
		{A781D0E4-1494-4A58-9BD0-115EFEAEBF64}.Release|Any CPU.ActiveCfg = Release|Any CPU
		{A781D0E4-1494-4A58-9BD0-115EFEAEBF64}.Release|Any CPU.Build.0 = Release|Any CPU
	EndGlobalSection
	GlobalSection(SolutionProperties) = preSolution
		HideSolutionNode = FALSE
	EndGlobalSection
	GlobalSection(ExtensibilityGlobals) = postSolution
		SolutionGuid = {B7F51DD0-3267-4854-840A-DAE0994284F0}
	EndGlobalSection
EndGlobal
